# This file is automatically @generated by Cargo.
# It is not intended for manual editing.
[[package]]
name = "app"
version = "1.0.0"
dependencies = [
 "sgx_types",
 "sgx_urts",
]

[[package]]
name = "libc"
version = "0.2.69"
source = "registry+https://github.com/rust-lang/crates.io-index"
checksum = "99e85c08494b21a9054e7fe1374a732aeadaff3980b6990b94bfd3a70f690005"

[[package]]
name = "sgx_types"
version = "1.1.1"
source = "git+https://github.com/apache/teaclave-sgx-sdk.git?tag=v1.1.1#66aaa2888992c63137e87adc688ddedab1181056"

[[package]]
name = "sgx_urts"
version = "1.1.1"
source = "git+https://github.com/apache/teaclave-sgx-sdk.git?tag=v1.1.1#66aaa2888992c63137e87adc688ddedab1181056"
dependencies = [
 "libc",
 "sgx_types",
]
